Microsoft Visual Studio Solution File, Format Version 12.00
# Visual Studio Version 17
VisualStudioVersion = 17.0.31903.59
MinimumVisualStudioVersion = 10.0.40219.1
Project("{2150E333-8FDC-42A3-9474-1A3956D46DE8}") = "src", "src", "{827E0CD3-B72D-47B6-A68D-7590B98EB39B}"
EndProject
Project("{FAE04EC0-301F-11D3-BF4B-00C04F79EFBC}") = "LLMAbbyNormal.Domain", "src\LLMAbbyNormal.Domain\LLMAbbyNormal.Domain.csproj", "{E6851969-BCCA-40A4-8CE8-E2AB7A1DA366}"
EndProject
Project("{FAE04EC0-301F-11D3-BF4B-00C04F79EFBC}") = "LLMAbbyNormal.ConsoleApp", "src\LLMAbbyNormal.ConsoleApp\LLMAbbyNormal.ConsoleApp.csproj", "{3C9AF69E-D601-4964-AFB2-A33675787289}"
EndProject
Project("{2150E333-8FDC-42A3-9474-1A3956D46DE8}") = "test", "test", "{0C88DD14-F956-CE84-757C-A364CCF449FC}"
EndProject
Project("{FAE04EC0-301F-11D3-BF4B-00C04F79EFBC}") = "LLMAbbyNormal.ConsoleApp.Test", "test\LLMAbbyNormal.ConsoleApp.Test\LLMAbbyNormal.ConsoleApp.Test.csproj", "{9CAB13CA-D02C-49C9-88E8-71621DE5E08C}"
EndProject
Project("{FAE04EC0-301F-11D3-BF4B-00C04F79EFBC}") = "LLMAbbyNormal.Domain.Test", "test\LLMAbbyNormal.Domain.Test\LLMAbbyNormal.Domain.Test.csproj", "{DC7F096D-2E02-40F4-8C89-6B0D34FD7ED7}"
EndProject
Global
	GlobalSection(SolutionConfigurationPlatforms) = preSolution
		Debug|Any CPU = Debug|Any CPU
		Debug|x64 = Debug|x64
		Debug|x86 = Debug|x86
		Release|Any CPU = Release|Any CPU
		Release|x64 = Release|x64
		Release|x86 = Release|x86
	EndGlobalSection
	GlobalSection(ProjectConfigurationPlatforms) = postSolution
		{E6851969-BCCA-40A4-8CE8-E2AB7A1DA366}.Debug|Any CPU.ActiveCfg = Debug|Any CPU
		{E6851969-BCCA-40A4-8CE8-E2AB7A1DA366}.Debug|Any CPU.Build.0 = Debug|Any CPU
		{E6851969-BCCA-40A4-8CE8-E2AB7A1DA366}.Debug|x64.ActiveCfg = Debug|Any CPU
		{E6851969-BCCA-40A4-8CE8-E2AB7A1DA366}.Debug|x64.Build.0 = Debug|Any CPU
		{E6851969-BCCA-40A4-8CE8-E2AB7A1DA366}.Debug|x86.ActiveCfg = Debug|Any CPU
		{E6851969-BCCA-40A4-8CE8-E2AB7A1DA366}.Debug|x86.Build.0 = Debug|Any CPU
		{E6851969-BCCA-40A4-8CE8-E2AB7A1DA366}.Release|Any CPU.ActiveCfg = Release|Any CPU
		{E6851969-BCCA-40A4-8CE8-E2AB7A1DA366}.Release|Any CPU.Build.0 = Release|Any CPU
		{E6851969-BCCA-40A4-8CE8-E2AB7A1DA366}.Release|x64.ActiveCfg = Release|Any CPU
		{E6851969-BCCA-40A4-8CE8-E2AB7A1DA366}.Release|x64.Build.0 = Release|Any CPU
		{E6851969-BCCA-40A4-8CE8-E2AB7A1DA366}.Release|x86.ActiveCfg = Release|Any CPU
		{E6851969-BCCA-40A4-8CE8-E2AB7A1DA366}.Release|x86.Build.0 = Release|Any CPU
		{3C9AF69E-D601-4964-AFB2-A33675787289}.Debug|Any CPU.ActiveCfg = Debug|Any CPU
		{3C9AF69E-D601-4964-AFB2-A33675787289}.Debug|Any CPU.Build.0 = Debug|Any CPU
		{3C9AF69E-D601-4964-AFB2-A33675787289}.Debug|x64.ActiveCfg = Debug|Any CPU
		{3C9AF69E-D601-4964-AFB2-A33675787289}.Debug|x64.Build.0 = Debug|Any CPU
		{3C9AF69E-D601-4964-AFB2-A33675787289}.Debug|x86.ActiveCfg = Debug|Any CPU
		{3C9AF69E-D601-4964-AFB2-A33675787289}.Debug|x86.Build.0 = Debug|Any CPU
		{3C9AF69E-D601-4964-AFB2-A33675787289}.Release|Any CPU.ActiveCfg = Release|Any CPU
		{3C9AF69E-D601-4964-AFB2-A33675787289}.Release|Any CPU.Build.0 = Release|Any CPU
		{3C9AF69E-D601-4964-AFB2-A33675787289}.Release|x64.ActiveCfg = Release|Any CPU
		{3C9AF69E-D601-4964-AFB2-A33675787289}.Release|x64.Build.0 = Release|Any CPU
		{3C9AF69E-D601-4964-AFB2-A33675787289}.Release|x86.ActiveCfg = Release|Any CPU
		{3C9AF69E-D601-4964-AFB2-A33675787289}.Release|x86.Build.0 = Release|Any CPU
		{9CAB13CA-D02C-49C9-88E8-71621DE5E08C}.Debug|Any CPU.ActiveCfg = Debug|Any CPU
		{9CAB13CA-D02C-49C9-88E8-71621DE5E08C}.Debug|Any CPU.Build.0 = Debug|Any CPU
		{9CAB13CA-D02C-49C9-88E8-71621DE5E08C}.Debug|x64.ActiveCfg = Debug|Any CPU
		{9CAB13CA-D02C-49C9-88E8-71621DE5E08C}.Debug|x64.Build.0 = Debug|Any CPU
		{9CAB13CA-D02C-49C9-88E8-71621DE5E08C}.Debug|x86.ActiveCfg = Debug|Any CPU
		{9CAB13CA-D02C-49C9-88E8-71621DE5E08C}.Debug|x86.Build.0 = Debug|Any CPU
		{9CAB13CA-D02C-49C9-88E8-71621DE5E08C}.Release|Any CPU.ActiveCfg = Release|Any CPU
		{9CAB13CA-D02C-49C9-88E8-71621DE5E08C}.Release|Any CPU.Build.0 = Release|Any CPU
		{9CAB13CA-D02C-49C9-88E8-71621DE5E08C}.Release|x64.ActiveCfg = Release|Any CPU
		{9CAB13CA-D02C-49C9-88E8-71621DE5E08C}.Release|x64.Build.0 = Release|Any CPU
		{9CAB13CA-D02C-49C9-88E8-71621DE5E08C}.Release|x86.ActiveCfg = Release|Any CPU
		{9CAB13CA-D02C-49C9-88E8-71621DE5E08C}.Release|x86.Build.0 = Release|Any CPU
		{DC7F096D-2E02-40F4-8C89-6B0D34FD7ED7}.Debug|Any CPU.ActiveCfg = Debug|Any CPU
		{DC7F096D-2E02-40F4-8C89-6B0D34FD7ED7}.Debug|Any CPU.Build.0 = Debug|Any CPU
		{DC7F096D-2E02-40F4-8C89-6B0D34FD7ED7}.Debug|x64.ActiveCfg = Debug|Any CPU
		{DC7F096D-2E02-40F4-8C89-6B0D34FD7ED7}.Debug|x64.Build.0 = Debug|Any CPU
		{DC7F096D-2E02-40F4-8C89-6B0D34FD7ED7}.Debug|x86.ActiveCfg = Debug|Any CPU
		{DC7F096D-2E02-40F4-8C89-6B0D34FD7ED7}.Debug|x86.Build.0 = Debug|Any CPU
		{DC7F096D-2E02-40F4-8C89-6B0D34FD7ED7}.Release|Any CPU.ActiveCfg = Release|Any CPU
		{DC7F096D-2E02-40F4-8C89-6B0D34FD7ED7}.Release|Any CPU.Build.0 = Release|Any CPU
		{DC7F096D-2E02-40F4-8C89-6B0D34FD7ED7}.Release|x64.ActiveCfg = Release|Any CPU
		{DC7F096D-2E02-40F4-8C89-6B0D34FD7ED7}.Release|x64.Build.0 = Release|Any CPU
		{DC7F096D-2E02-40F4-8C89-6B0D34FD7ED7}.Release|x86.ActiveCfg = Release|Any CPU
		{DC7F096D-2E02-40F4-8C89-6B0D34FD7ED7}.Release|x86.Build.0 = Release|Any CPU
	EndGlobalSection
	GlobalSection(SolutionProperties) = preSolution
		HideSolutionNode = FALSE
	EndGlobalSection
	GlobalSection(NestedProjects) = preSolution
		{E6851969-BCCA-40A4-8CE8-E2AB7A1DA366} = {827E0CD3-B72D-47B6-A68D-7590B98EB39B}
		{3C9AF69E-D601-4964-AFB2-A33675787289} = {827E0CD3-B72D-47B6-A68D-7590B98EB39B}
		{9CAB13CA-D02C-49C9-88E8-71621DE5E08C} = {0C88DD14-F956-CE84-757C-A364CCF449FC}
		{DC7F096D-2E02-40F4-8C89-6B0D34FD7ED7} = {0C88DD14-F956-CE84-757C-A364CCF449FC}
	EndGlobalSection
EndGlobal
